
Microsoft Visual Studio Solution File, Format Version 12.00
# Visual Studio Version 18
VisualStudioVersion = 18.3.11512.155 d18.3
MinimumVisualStudioVersion = 10.0.40219.1
Project("{FAE04EC0-301F-11D3-BF4B-00C04F79EFBC}") = "AnonymousAPI", "AnonymousAPI\AnonymousAPI.csproj", "{9C12A184-9F07-4CED-9DEF-222EFAE5138F}"
EndProject
Project("{FAE04EC0-301F-11D3-BF4B-00C04F79EFBC}") = "AnonymousApplication", "AnonymousApplication1\AnonymousApplication.csproj", "{A0C35D3C-1C55-4A0A-A2F2-D16B6F4CE55B}"
EndProject
Project("{FAE04EC0-301F-11D3-BF4B-00C04F79EFBC}") = "AnonymousDomain", "AnonymousDomain1\AnonymousDomain.csproj", "{C597C629-FFFF-4125-9791-F4BD9B5D5476}"
EndProject
Project("{FAE04EC0-301F-11D3-BF4B-00C04F79EFBC}") = "AnonymousInfrastructure", "AnonymousInfrastructure1\AnonymousInfrastructure.csproj", "{8B7E3E8D-40DB-4AB6-BAE7-7C13A8F6FD03}"
EndProject
Project("{FAE04EC0-301F-11D3-BF4B-00C04F79EFBC}") = "OrganizationService", "OrganizationService\OrganizationService.csproj", "{5C180370-5176-49CD-AACD-3F3E0FA42ECD}"
EndProject
Project("{FAE04EC0-301F-11D3-BF4B-00C04F79EFBC}") = "BillingNotificationService", "BillingNotificationService\BillingNotificationService.csproj", "{9543FBE3-1739-4E9F-B190-25A679FD2D40}"
EndProject
Global
	GlobalSection(SolutionConfigurationPlatforms) = preSolution
		Debug|Any CPU = Debug|Any CPU
		Release|Any CPU = Release|Any CPU
	EndGlobalSection
	GlobalSection(ProjectConfigurationPlatforms) = postSolution
		{9C12A184-9F07-4CED-9DEF-222EFAE5138F}.Debug|Any CPU.ActiveCfg = Debug|Any CPU
		{9C12A184-9F07-4CED-9DEF-222EFAE5138F}.Debug|Any CPU.Build.0 = Debug|Any CPU
		{9C12A184-9F07-4CED-9DEF-222EFAE5138F}.Release|Any CPU.ActiveCfg = Release|Any CPU
		{9C12A184-9F07-4CED-9DEF-222EFAE5138F}.Release|Any CPU.Build.0 = Release|Any CPU
		{A0C35D3C-1C55-4A0A-A2F2-D16B6F4CE55B}.Debug|Any CPU.ActiveCfg = Debug|Any CPU
		{A0C35D3C-1C55-4A0A-A2F2-D16B6F4CE55B}.Debug|Any CPU.Build.0 = Debug|Any CPU
		{A0C35D3C-1C55-4A0A-A2F2-D16B6F4CE55B}.Release|Any CPU.ActiveCfg = Release|Any CPU
		{A0C35D3C-1C55-4A0A-A2F2-D16B6F4CE55B}.Release|Any CPU.Build.0 = Release|Any CPU
		{C597C629-FFFF-4125-9791-F4BD9B5D5476}.Debug|Any CPU.ActiveCfg = Debug|Any CPU
		{C597C629-FFFF-4125-9791-F4BD9B5D5476}.Debug|Any CPU.Build.0 = Debug|Any CPU
		{C597C629-FFFF-4125-9791-F4BD9B5D5476}.Release|Any CPU.ActiveCfg = Release|Any CPU
		{C597C629-FFFF-4125-9791-F4BD9B5D5476}.Release|Any CPU.Build.0 = Release|Any CPU
		{8B7E3E8D-40DB-4AB6-BAE7-7C13A8F6FD03}.Debug|Any CPU.ActiveCfg = Debug|Any CPU
		{8B7E3E8D-40DB-4AB6-BAE7-7C13A8F6FD03}.Debug|Any CPU.Build.0 = Debug|Any CPU
		{8B7E3E8D-40DB-4AB6-BAE7-7C13A8F6FD03}.Release|Any CPU.ActiveCfg = Release|Any CPU
		{8B7E3E8D-40DB-4AB6-BAE7-7C13A8F6FD03}.Release|Any CPU.Build.0 = Release|Any CPU
		{5C180370-5176-49CD-AACD-3F3E0FA42ECD}.Debug|Any CPU.ActiveCfg = Debug|Any CPU
		{5C180370-5176-49CD-AACD-3F3E0FA42ECD}.Debug|Any CPU.Build.0 = Debug|Any CPU
		{5C180370-5176-49CD-AACD-3F3E0FA42ECD}.Release|Any CPU.ActiveCfg = Release|Any CPU
		{5C180370-5176-49CD-AACD-3F3E0FA42ECD}.Release|Any CPU.Build.0 = Release|Any CPU
		{9543FBE3-1739-4E9F-B190-25A679FD2D40}.Debug|Any CPU.ActiveCfg = Debug|Any CPU
		{9543FBE3-1739-4E9F-B190-25A679FD2D40}.Debug|Any CPU.Build.0 = Debug|Any CPU
		{9543FBE3-1739-4E9F-B190-25A679FD2D40}.Release|Any CPU.ActiveCfg = Release|Any CPU
		{9543FBE3-1739-4E9F-B190-25A679FD2D40}.Release|Any CPU.Build.0 = Release|Any CPU
	EndGlobalSection
	GlobalSection(SolutionProperties) = preSolution
		HideSolutionNode = FALSE
	EndGlobalSection
	GlobalSection(ExtensibilityGlobals) = postSolution
		SolutionGuid = {996B930C-2B16-4F63-8E64-C9B86AECB370}
	EndGlobalSection
EndGlobal
